
Microsoft Visual Studio Solution File, Format Version 12.00
# Visual Studio 2013
VisualStudioVersion = 12.0.31101.0
MinimumVisualStudioVersion = 10.0.40219.1
Project("{FAE04EC0-301F-11D3-BF4B-00C04F79EFBC}") = "TimesheetsWeb", "TimesheetsWeb\TimesheetsWeb.csproj", "{DCA7B86B-A8C8-4596-A349-874E7A0B6EC0}"
EndProject
Project("{FAE04EC0-301F-11D3-BF4B-00C04F79EFBC}") = "TimesheetsWeb.Tests", "TimesheetsWeb.Tests\TimesheetsWeb.Tests.csproj", "{168FD0E9-F089-4D33-A569-CD7ABDB3A245}"
EndProject
Project("{2150E333-8FDC-42A3-9474-1A3956D46DE8}") = "PublishScripts", "PublishScripts", "{B019F619-AE33-440F-829E-A21BADA51AB4}"
	ProjectSection(SolutionItems) = preProject
		PublishScripts\AzureWebsitePublishModule.psm1 = PublishScripts\AzureWebsitePublishModule.psm1
		PublishScripts\Publish-WebApplicationWebsite.ps1 = PublishScripts\Publish-WebApplicationWebsite.ps1
	EndProjectSection
EndProject
Project("{2150E333-8FDC-42A3-9474-1A3956D46DE8}") = "Configurations", "Configurations", "{3C552FB7-D2A8-4FA3-B62F-63046A1A6C03}"
	ProjectSection(SolutionItems) = preProject
		PublishScripts\Configurations\TimesheetsWeb-WAWS-dev.json = PublishScripts\Configurations\TimesheetsWeb-WAWS-dev.json
	EndProjectSection
EndProject
Project("{2150E333-8FDC-42A3-9474-1A3956D46DE8}") = ".nuget", ".nuget", "{80A6E637-AF5B-4730-8E31-9C33BE95A6E4}"
	ProjectSection(SolutionItems) = preProject
		.nuget\NuGet.Config = .nuget\NuGet.Config
		.nuget\NuGet.exe = .nuget\NuGet.exe
		.nuget\NuGet.targets = .nuget\NuGet.targets
	EndProjectSection
EndProject
Global
	GlobalSection(TeamFoundationVersionControl) = preSolution
		SccNumberOfProjects = 3
		SccEnterpriseProvider = {4CA58AB2-18FA-4F8D-95D4-32DDF27D184C}
		SccTeamFoundationServer = https://cbhr.visualstudio.com/defaultcollection
		SccLocalPath0 = .
		SccProjectUniqueName1 = TimesheetsWeb\\TimesheetsWeb.csproj
		SccProjectName1 = TimesheetsWeb
		SccLocalPath1 = TimesheetsWeb
		SccProjectUniqueName2 = TimesheetsWeb.Tests\\TimesheetsWeb.Tests.csproj
		SccProjectName2 = TimesheetsWeb.Tests
		SccLocalPath2 = TimesheetsWeb.Tests
	EndGlobalSection
	GlobalSection(SolutionConfigurationPlatforms) = preSolution
		Debug|Any CPU = Debug|Any CPU
		Release|Any CPU = Release|Any CPU
	EndGlobalSection
	GlobalSection(ProjectConfigurationPlatforms) = postSolution
		{DCA7B86B-A8C8-4596-A349-874E7A0B6EC0}.Debug|Any CPU.ActiveCfg = Debug|Any CPU
		{DCA7B86B-A8C8-4596-A349-874E7A0B6EC0}.Debug|Any CPU.Build.0 = Debug|Any CPU
		{DCA7B86B-A8C8-4596-A349-874E7A0B6EC0}.Debug|Any CPU.Deploy.0 = Debug|Any CPU
		{DCA7B86B-A8C8-4596-A349-874E7A0B6EC0}.Release|Any CPU.ActiveCfg = Release|Any CPU
		{DCA7B86B-A8C8-4596-A349-874E7A0B6EC0}.Release|Any CPU.Build.0 = Release|Any CPU
		{168FD0E9-F089-4D33-A569-CD7ABDB3A245}.Debug|Any CPU.ActiveCfg = Debug|Any CPU
		{168FD0E9-F089-4D33-A569-CD7ABDB3A245}.Debug|Any CPU.Build.0 = Debug|Any CPU
		{168FD0E9-F089-4D33-A569-CD7ABDB3A245}.Release|Any CPU.ActiveCfg = Release|Any CPU
		{168FD0E9-F089-4D33-A569-CD7ABDB3A245}.Release|Any CPU.Build.0 = Release|Any CPU
	EndGlobalSection
	GlobalSection(SolutionProperties) = preSolution
		HideSolutionNode = FALSE
	EndGlobalSection
	GlobalSection(NestedProjects) = preSolution
		{3C552FB7-D2A8-4FA3-B62F-63046A1A6C03} = {B019F619-AE33-440F-829E-A21BADA51AB4}
	EndGlobalSection
EndGlobal
